// !$*UTF8*$!
{
	archiveVersion = 1;
	classes = {
	};
	objectVersion = 50;
	objects = {

/* Begin PBXBuildFile section */
		EECFFC0D2694243E008B1844 /* AppDelegate.swift in Sources */ = {isa = PBXBuildFile; fileRef = EECFFC0C2694243E008B1844 /* AppDelegate.swift */; };
		EECFFC0F2694243E008B1844 /* SceneDelegate.swift in Sources */ = {isa = PBXBuildFile; fileRef = EECFFC0E2694243E008B1844 /* SceneDelegate.swift */; };
		EECFFC112694243E008B1844 /* ViewController.swift in Sources */ = {isa = PBXBuildFile; fileRef = EECFFC102694243E008B1844 /* ViewController.swift */; };
		EECFFC142694243E008B1844 /* Main.storyboard in Resources */ = {isa = PBXBuildFile; fileRef = EECFFC122694243E008B1844 /* Main.storyboard */; };
		EECFFC1626942453008B1844 /* Assets.xcassets in Resources */ = {isa = PBXBuildFile; fileRef = EECFFC1526942453008B1844 /* Assets.xcassets */; };
		EECFFC1926942453008B1844 /* LaunchScreen.storyboard in Resources */ = {isa = PBXBuildFile; fileRef = EECFFC1726942453008B1844 /* LaunchScreen.storyboard */; };
		EECFFC2326942FAE008B1844 /* ImageTableViewCell.swift in Sources */ = {isa = PBXBuildFile; fileRef = EECFFC2226942FAE008B1844 /* ImageTableViewCell.swift */; };
/* End PBXBuildFile section */

/* Begin PBXFileReference section */
		EECFFC092694243E008B1844 /* ImageSizing.app */ = {isa = PBXFileReference; explicitFileType = wrapper.application; includeInIndex = 0; path = ImageSizing.app; sourceTree = BUILT_PRODUCTS_DIR; };
		EECFFC0C2694243E008B1844 /* AppDelegate.swift */ = {isa = PBXFileReference; lastKnownFileType = sourcecode.swift; path = AppDelegate.swift; sourceTree = "<group>"; };
		EECFFC0E2694243E008B1844 /* SceneDelegate.swift */ = {isa = PBXFileReference; lastKnownFileType = sourcecode.swift; path = SceneDelegate.swift; sourceTree = "<group>"; };
		EECFFC102694243E008B1844 /* ViewController.swift */ = {isa = PBXFileReference; lastKnownFileType = sourcecode.swift; path = ViewController.swift; sourceTree = "<group>"; };
		EECFFC132694243E008B1844 /* Base */ = {isa = PBXFileReference; lastKnownFileType = file.storyboard; name = Base; path = Base.lproj/Main.storyboard; sourceTree = "<group>"; };
		EECFFC1526942453008B1844 /* Assets.xcassets */ = {isa = PBXFileReference; lastKnownFileType = folder.assetcatalog; path = Assets.xcassets; sourceTree = "<group>"; };
		EECFFC1826942453008B1844 /* Base */ = {isa = PBXFileReference; lastKnownFileType = file.storyboard; name = Base; path = Base.lproj/LaunchScreen.storyboard; sourceTree = "<group>"; };
		EECFFC1A26942453008B1844 /* Info.plist */ = {isa = PBXFileReference; lastKnownFileType = text.plist.xml; path = Info.plist; sourceTree = "<group>"; };
		EECFFC2226942FAE008B1844 /* ImageTableViewCell.swift */ = {isa = PBXFileReference; lastKnownFileType = sourcecode.swift; path = ImageTableViewCell.swift; sourceTree = "<group>"; };
/* End PBXFileReference section */

/* Begin PBXFrameworksBuildPhase section */
		EECFFC062694243E008B1844 /* Frameworks */ = {
			isa = PBXFrameworksBuildPhase;
			buildActionMask = 2147483647;
			files = (
			);
			runOnlyForDeploymentPostprocessing = 0;
		};
/* End PBXFrameworksBuildPhase section */

/* Begin PBXGroup section */
		EECFFC002694243E008B1844 = {
			isa = PBXGroup;
			children = (
				EECFFC0B2694243E008B1844 /* ImageSizing */,
				EECFFC0A2694243E008B1844 /* Products */,
			);
			sourceTree = "<group>";
		};
		EECFFC0A2694243E008B1844 /* Products */ = {
			isa = PBXGroup;
			children = (
				EECFFC092694243E008B1844 /* ImageSizing.app */,
			);
			name = Products;
			sourceTree = "<group>";
		};
		EECFFC0B2694243E008B1844 /* ImageSizing */ = {
			isa = PBXGroup;
			children = (
				EECFFC0C2694243E008B1844 /* AppDelegate.swift */,
				EECFFC0E2694243E008B1844 /* SceneDelegate.swift */,
				EECFFC102694243E008B1844 /* ViewController.swift */,
				EECFFC122694243E008B1844 /* Main.storyboard */,
				EECFFC1526942453008B1844 /* Assets.xcassets */,
				EECFFC1726942453008B1844 /* LaunchScreen.storyboard */,
				EECFFC1A26942453008B1844 /* Info.plist */,
				EECFFC2226942FAE008B1844 /* ImageTableViewCell.swift */,
			);
			path = ImageSizing;
			sourceTree = "<group>";
		};
/* End PBXGroup section */

/* Begin PBXNativeTarget section */
		EECFFC082694243E008B1844 /* ImageSizing */ = {
			isa = PBXNativeTarget;
			buildConfigurationList = EECFFC1D26942453008B1844 /* Build configuration list for PBXNativeTarget "ImageSizing" */;
			buildPhases = (
				EECFFC052694243E008B1844 /* Sources */,
				EECFFC062694243E008B1844 /* Frameworks */,
				EECFFC072694243E008B1844 /* Resources */,
			);
			buildRules = (
			);
			dependencies = (
			);
			name = ImageSizing;
			productName = ImageSizing;
			productReference = EECFFC092694243E008B1844 /* ImageSizing.app */;
			productType = "com.apple.product-type.application";
		};
/* End PBXNativeTarget section */

/* Begin PBXProject section */
		EECFFC012694243E008B1844 /* Project object */ = {
			isa = PBXProject;
			attributes = {
				LastSwiftUpdateCheck = 1150;
				LastUpgradeCheck = 1150;
				ORGANIZATIONNAME = "JOEL CRAWFORD";
				TargetAttributes = {
					EECFFC082694243E008B1844 = {
						CreatedOnToolsVersion = 11.5;
					};
				};
			};
			buildConfigurationList = EECFFC042694243E008B1844 /* Build configuration list for PBXProject "ImageSizing" */;
			compatibilityVersion = "Xcode 9.3";
			developmentRegion = en;
			hasScannedForEncodings = 0;
			knownRegions = (
				en,
				Base,
			);
			mainGroup = EECFFC002694243E008B1844;
			productRefGroup = EECFFC0A2694243E008B1844 /* Products */;
			projectDirPath = "";
			projectRoot = "";
			targets = (
				EECFFC082694243E008B1844 /* ImageSizing */,
			);
		};
/* End PBXProject section */

/* Begin PBXResourcesBuildPhase section */
		EECFFC072694243E008B1844 /* Resources */ = {
			isa = PBXResourcesBuildPhase;
			buildActionMask = 2147483647;
			files = (
				EECFFC1926942453008B1844 /* LaunchScreen.storyboard in Resources */,
				EECFFC1626942453008B1844 /* Assets.xcassets in Resources */,
				EECFFC142694243E008B1844 /* Main.storyboard in Resources */,
			);
			runOnlyForDeploymentPostprocessing = 0;
		};
/* End PBXResourcesBuildPhase section */

/* Begin PBXSourcesBuildPhase section */
		EECFFC052694243E008B1844 /* Sources */ = {
			isa = PBXSourcesBuildPhase;
			buildActionMask = 2147483647;
			files = (
				EECFFC112694243E008B1844 /* ViewController.swift in Sources */,
				EECFFC2326942FAE008B1844 /* ImageTableViewCell.swift in Sources */,
				EECFFC0D2694243E008B1844 /* AppDelegate.swift in Sources */,
				EECFFC0F2694243E008B1844 /* SceneDelegate.swift in Sources */,
			);
			runOnlyForDeploymentPostprocessing = 0;
		};
/* End PBXSourcesBuildPhase section */

/* Begin PBXVariantGroup section */
		EECFFC122694243E008B1844 /* Main.storyboard */ = {
			isa = PBXVariantGroup;
			children = (
				EECFFC132694243E008B1844 /* Base */,
			);
			name = Main.storyboard;
			sourceTree = "<group>";
		};
		EECFFC1726942453008B1844 /* LaunchScreen.storyboard */ = {
			isa = PBXVariantGroup;
			children = (
				EECFFC1826942453008B1844 /* Base */,
			);
			name = LaunchScreen.storyboard;
			sourceTree = "<group>";
		};
/* End PBXVariantGroup section */

/* Begin XCBuildConfiguration section */
		EECFFC1B26942453008B1844 /* Debug */ = {
			isa = XCBuildConfiguration;
			buildSettings = {
				ALWAYS_SEARCH_USER_PATHS = NO;
				CLANG_ANALYZER_NONNULL = YES;
				CLANG_ANALYZER_NUMBER_OBJECT_CONVERSION = YES_AGGRESSIVE;
				CLANG_CXX_LANGUAGE_STANDARD = "gnu++14";
				CLANG_CXX_LIBRARY = "libc++";
				CLANG_ENABLE_MODULES = YES;
				CLANG_ENABLE_OBJC_ARC = YES;
				CLANG_ENABLE_OBJC_WEAK = YES;
				CLANG_WARN_BLOCK_CAPTURE_AUTORELEASING = YES;
				CLANG_WARN_BOOL_CONVERSION = YES;
				CLANG_WARN_COMMA = YES;
				CLANG_WARN_CONSTANT_CONVERSION = YES;
				CLANG_WARN_DEPRECATED_OBJC_IMPLEMENTATIONS = YES;
				CLANG_WARN_DIRECT_OBJC_ISA_USAGE = YES_ERROR;
				CLANG_WARN_DOCUMENTATION_COMMENTS = YES;
				CLANG_WARN_EMPTY_BODY = YES;
				CLANG_WARN_ENUM_CONVERSION = YES;
				CLANG_WARN_INFINITE_RECURSION = YES;
				CLANG_WARN_INT_CONVERSION = YES;
				CLANG_WARN_NON_LITERAL_NULL_CONVERSION = YES;
				CLANG_WARN_OBJC_IMPLICIT_RETAIN_SELF = YES;
				CLANG_WARN_OBJC_LITERAL_CONVERSION = YES;
				CLANG_WARN_OBJC_ROOT_CLASS = YES_ERROR;
				CLANG_WARN_RANGE_LOOP_ANALYSIS = YES;
				CLANG_WARN_STRICT_PROTOTYPES = YES;
				CLANG_WARN_SUSPICIOUS_MOVE = YES;
				CLANG_WARN_UNGUARDED_AVAILABILITY = YES_AGGRESSIVE;
				CLANG_WARN_UNREACHABLE_CODE = YES;
				CLANG_WARN__DUPLICATE_METHOD_MATCH = YES;
				COPY_PHASE_STRIP = NO;
				DEBUG_INFORMATION_FORMAT = dwarf;
				ENABLE_STRICT_OBJC_MSGSEND = YES;
				ENABLE_TESTABILITY = YES;
				GCC_C_LANGUAGE_STANDARD = gnu11;
				GCC_DYNAMIC_NO_PIC = NO;
				GCC_NO_COMMON_BLOCKS = YES;
				GCC_OPTIMIZATION_LEVEL = 0;
				GCC_PREPROCESSOR_DEFINITIONS = (
					"DEBUG=1",
					"$(inherited)",
				);
				GCC_WARN_64_TO_32_BIT_CONVERSION = YES;
				GCC_WARN_ABOUT_RETURN_TYPE = YES_ERROR;
				GCC_WARN_UNDECLARED_SELECTOR = YES;
				GCC_WARN_UNINITIALIZED_AUTOS = YES_AGGRESSIVE;
				GCC_WARN_UNUSED_FUNCTION = YES;
				GCC_WARN_UNUSED_VARIABLE = YES;
				IPHONEOS_DEPLOYMENT_TARGET = 13.5;
				MTL_ENABLE_DEBUG_INFO = INCLUDE_SOURCE;
				MTL_FAST_MATH = YES;
				ONLY_ACTIVE_ARCH = YES;
				SDKROOT = iphoneos;
				SWIFT_ACTIVE_COMPILATION_CONDITIONS = DEBUG;
				SWIFT_OPTIMIZATION_LEVEL = "-Onone";
			};
			name = Debug;
		};
		EECFFC1C26942453008B1844 /* Release */ = {
			isa = XCBuildConfiguration;
			buildSettings = {
				ALWAYS_SEARCH_USER_PATHS = NO;
				CLANG_ANALYZER_NONNULL = YES;
				CLANG_ANALYZER_NUMBER_OBJECT_CONVERSION = YES_AGGRESSIVE;
				CLANG_CXX_LANGUAGE_STANDARD = "gnu++14";
				CLANG_CXX_LIBRARY = "libc++";
				CLANG_ENABLE_MODULES = YES;
				CLANG_ENABLE_OBJC_ARC = YES;
				CLANG_ENABLE_OBJC_WEAK = YES;
				CLANG_WARN_BLOCK_CAPTURE_AUTORELEASING = YES;
				CLANG_WARN_BOOL_CONVERSION = YES;
				CLANG_WARN_COMMA = YES;
				CLANG_WARN_CONSTANT_CONVERSION = YES;
				CLANG_WARN_DEPRECATED_OBJC_IMPLEMENTATIONS = YES;
				CLANG_WARN_DIRECT_OBJC_ISA_USAGE = YES_ERROR;
				CLANG_WARN_DOCUMENTATION_COMMENTS = YES;
				CLANG_WARN_EMPTY_BODY = YES;
				CLANG_WARN_ENUM_CONVERSION = YES;
				CLANG_WARN_INFINITE_RECURSION = YES;
				CLANG_WARN_INT_CONVERSION = YES;
				CLANG_WARN_NON_LITERAL_NULL_CONVERSION = YES;
				CLANG_WARN_OBJC_IMPLICIT_RETAIN_SELF = YES;
				CLANG_WARN_OBJC_LITERAL_CONVERSION = YES;
				CLANG_WARN_OBJC_ROOT_CLASS = YES_ERROR;
				CLANG_WARN_RANGE_LOOP_ANALYSIS = YES;
				CLANG_WARN_STRICT_PROTOTYPES = YES;
				CLANG_WARN_SUSPICIOUS_MOVE = YES;
				CLANG_WARN_UNGUARDED_AVAILABILITY = YES_AGGRESSIVE;
				CLANG_WARN_UNREACHABLE_CODE = YES;
				CLANG_WARN__DUPLICATE_METHOD_MATCH = YES;
				COPY_PHASE_STRIP = NO;
				DEBUG_INFORMATION_FORMAT = "dwarf-with-dsym";
				ENABLE_NS_ASSERTIONS = NO;
				ENABLE_STRICT_OBJC_MSGSEND = YES;
				GCC_C_LANGUAGE_STANDARD = gnu11;
				GCC_NO_COMMON_BLOCKS = YES;
				GCC_WARN_64_TO_32_BIT_CONVERSION = YES;
				GCC_WARN_ABOUT_RETURN_TYPE = YES_ERROR;
				GCC_WARN_UNDECLARED_SELECTOR = YES;
				GCC_WARN_UNINITIALIZED_AUTOS = YES_AGGRESSIVE;
				GCC_WARN_UNUSED_FUNCTION = YES;
				GCC_WARN_UNUSED_VARIABLE = YES;
				IPHONEOS_DEPLOYMENT_TARGET = 13.5;
				MTL_ENABLE_DEBUG_INFO = NO;
				MTL_FAST_MATH = YES;
				SDKROOT = iphoneos;
				SWIFT_COMPILATION_MODE = wholemodule;
				SWIFT_OPTIMIZATION_LEVEL = "-O";
				VALIDATE_PRODUCT = YES;
			};
			name = Release;
		};
		EECFFC1E26942453008B1844 /* Debug */ = {
			isa = XCBuildConfiguration;
			buildSettings = {
				ASSETCATALOG_COMPILER_APPICON_NAME = AppIcon;
				CODE_SIGN_STYLE = Automatic;
				DEVELOPMENT_TEAM = NM8JJUDFSC;
				INFOPLIST_FILE = ImageSizing/Info.plist;
				LD_RUNPATH_SEARCH_PATHS = (
					"$(inherited)",
					"@executable_path/Frameworks",
				);
				PRODUCT_BUNDLE_IDENTIFIER = JIS.ImageSizing;
				PRODUCT_NAME = "$(TARGET_NAME)";
				SWIFT_VERSION = 5.0;
				TARGETED_DEVICE_FAMILY = "1,2";
			};
			name = Debug;
		};
		EECFFC1F26942453008B1844 /* Release */ = {
			isa = XCBuildConfiguration;
			buildSettings = {
				ASSETCATALOG_COMPILER_APPICON_NAME = AppIcon;
				CODE_SIGN_STYLE = Automatic;
				DEVELOPMENT_TEAM = NM8JJUDFSC;
				INFOPLIST_FILE = ImageSizing/Info.plist;
				LD_RUNPATH_SEARCH_PATHS = (
					"$(inherited)",
					"@executable_path/Frameworks",
				);
				PRODUCT_BUNDLE_IDENTIFIER = JIS.ImageSizing;
				PRODUCT_NAME = "$(TARGET_NAME)";
				SWIFT_VERSION = 5.0;
				TARGETED_DEVICE_FAMILY = "1,2";
			};
			name = Release;
		};
/* End XCBuildConfiguration section */

/* Begin XCConfigurationList section */
		EECFFC042694243E008B1844 /* Build configuration list for PBXProject "ImageSizing" */ = {
			isa = XCConfigurationList;
			buildConfigurations = (
				EECFFC1B26942453008B1844 /* Debug */,
				EECFFC1C26942453008B1844 /* Release */,
			);
			defaultConfigurationIsVisible = 0;
			defaultConfigurationName = Release;
		};
		EECFFC1D26942453008B1844 /* Build configuration list for PBXNativeTarget "ImageSizing" */ = {
			isa = XCConfigurationList;
			buildConfigurations = (
				EECFFC1E26942453008B1844 /* Debug */,
				EECFFC1F26942453008B1844 /* Release */,
			);
			defaultConfigurationIsVisible = 0;
			defaultConfigurationName = Release;
		};
/* End XCConfigurationList section */
	};
	rootObject = EECFFC012694243E008B1844 /* Project object */;
}
